// !$*UTF8*$!
{
	archiveVersion = 1;
	classes = {
	};
	objectVersion = 48;
	objects = {

/* Begin PBXBuildFile section */
		32065677691AC0FB05CEC339 /* Pods_skillUpTest_9_preTests.framework in Frameworks */ = {isa = PBXBuildFile; fileRef = FC8770146B3EB8F3C11FD3CB /* Pods_skillUpTest_9_preTests.framework */; };
		B58E356803AD16EC412BE59F /* Pods_skillUpTest_9_pre.framework in Frameworks */ = {isa = PBXBuildFile; fileRef = 414351676E0D5B512C210B2B /* Pods_skillUpTest_9_pre.framework */; };
		BE1A3FF120453414006CAB0C /* AppDelegate.swift in Sources */ = {isa = PBXBuildFile; fileRef = BE1A3FF020453414006CAB0C /* AppDelegate.swift */; };
		BE1A3FF820453414006CAB0C /* Assets.xcassets in Resources */ = {isa = PBXBuildFile; fileRef = BE1A3FF720453414006CAB0C /* Assets.xcassets */; };
		BE1A3FFB20453414006CAB0C /* LaunchScreen.storyboard in Resources */ = {isa = PBXBuildFile; fileRef = BE1A3FF920453414006CAB0C /* LaunchScreen.storyboard */; };
		BE1A401520453472006CAB0C /* Timeline.storyboard in Resources */ = {isa = PBXBuildFile; fileRef = BE1A401420453472006CAB0C /* Timeline.storyboard */; };
		BE1A4017204534B1006CAB0C /* TimelineViewController.swift in Sources */ = {isa = PBXBuildFile; fileRef = BE1A4016204534B1006CAB0C /* TimelineViewController.swift */; };
		BE1A4019204537FB006CAB0C /* .swiftlint.yml in Resources */ = {isa = PBXBuildFile; fileRef = BE1A4018204537FB006CAB0C /* .swiftlint.yml */; };
		BE5A52F920456715005BA312 /* RealmDaoHelper.swift in Sources */ = {isa = PBXBuildFile; fileRef = BE5A52F820456715005BA312 /* RealmDaoHelper.swift */; };
		BE5A52FC2045697A005BA312 /* ThumbnailDto.swift in Sources */ = {isa = PBXBuildFile; fileRef = BE5A52FB2045697A005BA312 /* ThumbnailDto.swift */; };
		BE5A52FE20456A66005BA312 /* ThumbnailDao.swift in Sources */ = {isa = PBXBuildFile; fileRef = BE5A52FD20456A66005BA312 /* ThumbnailDao.swift */; };
		BE5A53012046A7DE005BA312 /* APIClient.swift in Sources */ = {isa = PBXBuildFile; fileRef = BE5A52FF2046A7DD005BA312 /* APIClient.swift */; };
		BE5A53022046A7DE005BA312 /* Router.swift in Sources */ = {isa = PBXBuildFile; fileRef = BE5A53002046A7DE005BA312 /* Router.swift */; };
		BEA8F278204E98B700DED31E /* TimelineAPI.swift in Sources */ = {isa = PBXBuildFile; fileRef = BEA8F277204E98B700DED31E /* TimelineAPI.swift */; };
		BEA8F27A204E98DD00DED31E /* TimelineResponse.swift in Sources */ = {isa = PBXBuildFile; fileRef = BEA8F279204E98DD00DED31E /* TimelineResponse.swift */; };
		BEA8F27C204E9AC700DED31E /* TweetItem.swift in Sources */ = {isa = PBXBuildFile; fileRef = BEA8F27B204E9AC700DED31E /* TweetItem.swift */; };
		BEA8F27F2052B6E100DED31E /* TimelineTableViewProvider.swift in Sources */ = {isa = PBXBuildFile; fileRef = BEA8F27E2052B6E100DED31E /* TimelineTableViewProvider.swift */; };
		BEA8F2812052B70200DED31E /* TimelineTableViewCell.swift in Sources */ = {isa = PBXBuildFile; fileRef = BEA8F2802052B70200DED31E /* TimelineTableViewCell.swift */; };
/* End PBXBuildFile section */

/* Begin PBXContainerItemProxy section */
		BE1A400220453414006CAB0C /* PBXContainerItemProxy */ = {
			isa = PBXContainerItemProxy;
			containerPortal = BE1A3FE520453414006CAB0C /* Project object */;
			proxyType = 1;
			remoteGlobalIDString = BE1A3FEC20453414006CAB0C;
			remoteInfo = skillUpTest_9_pre;
		};
/* End PBXContainerItemProxy section */

/* Begin PBXFileReference section */
		1C24DE7C71A4F92C1291F3EC /* Pods-skillUpTest_9_preTests.release.xcconfig */ = {isa = PBXFileReference; includeInIndex = 1; lastKnownFileType = text.xcconfig; name = "Pods-skillUpTest_9_preTests.release.xcconfig"; path = "Pods/Target Support Files/Pods-skillUpTest_9_preTests/Pods-skillUpTest_9_preTests.release.xcconfig"; sourceTree = "<group>"; };
		414351676E0D5B512C210B2B /* Pods_skillUpTest_9_pre.framework */ = {isa = PBXFileReference; explicitFileType = wrapper.framework; includeInIndex = 0; path = Pods_skillUpTest_9_pre.framework; sourceTree = BUILT_PRODUCTS_DIR; };
		7E943C724D8BBF0F4E274F00 /* Pods-skillUpTest_9_pre.release.xcconfig */ = {isa = PBXFileReference; includeInIndex = 1; lastKnownFileType = text.xcconfig; name = "Pods-skillUpTest_9_pre.release.xcconfig"; path = "Pods/Target Support Files/Pods-skillUpTest_9_pre/Pods-skillUpTest_9_pre.release.xcconfig"; sourceTree = "<group>"; };
		A543E93E45520F9977690940 /* Pods-skillUpTest_9_pre.debug.xcconfig */ = {isa = PBXFileReference; includeInIndex = 1; lastKnownFileType = text.xcconfig; name = "Pods-skillUpTest_9_pre.debug.xcconfig"; path = "Pods/Target Support Files/Pods-skillUpTest_9_pre/Pods-skillUpTest_9_pre.debug.xcconfig"; sourceTree = "<group>"; };
		BE1A3FED20453414006CAB0C /* skillUpTest_9_pre.app */ = {isa = PBXFileReference; explicitFileType = wrapper.application; includeInIndex = 0; path = skillUpTest_9_pre.app; sourceTree = BUILT_PRODUCTS_DIR; };
		BE1A3FF020453414006CAB0C /* AppDelegate.swift */ = {isa = PBXFileReference; lastKnownFileType = sourcecode.swift; path = AppDelegate.swift; sourceTree = "<group>"; };
		BE1A3FF720453414006CAB0C /* Assets.xcassets */ = {isa = PBXFileReference; lastKnownFileType = folder.assetcatalog; path = Assets.xcassets; sourceTree = "<group>"; };
		BE1A3FFA20453414006CAB0C /* Base */ = {isa = PBXFileReference; lastKnownFileType = file.storyboard; name = Base; path = Base.lproj/LaunchScreen.storyboard; sourceTree = "<group>"; };
		BE1A3FFC20453414006CAB0C /* Info.plist */ = {isa = PBXFileReference; lastKnownFileType = text.plist.xml; path = Info.plist; sourceTree = "<group>"; };
		BE1A400120453414006CAB0C /* skillUpTest_9_preTests.xctest */ = {isa = PBXFileReference; explicitFileType = wrapper.cfbundle; includeInIndex = 0; path = skillUpTest_9_preTests.xctest; sourceTree = BUILT_PRODUCTS_DIR; };
		BE1A400720453414006CAB0C /* Info.plist */ = {isa = PBXFileReference; lastKnownFileType = text.plist.xml; path = Info.plist; sourceTree = "<group>"; };
		BE1A401420453472006CAB0C /* Timeline.storyboard */ = {isa = PBXFileReference; lastKnownFileType = file.storyboard; path = Timeline.storyboard; sourceTree = "<group>"; };
		BE1A4016204534B1006CAB0C /* TimelineViewController.swift */ = {isa = PBXFileReference; lastKnownFileType = sourcecode.swift; path = TimelineViewController.swift; sourceTree = "<group>"; };
		BE1A4018204537FB006CAB0C /* .swiftlint.yml */ = {isa = PBXFileReference; fileEncoding = 4; lastKnownFileType = text; path = .swiftlint.yml; sourceTree = "<group>"; };
		BE5A52F820456715005BA312 /* RealmDaoHelper.swift */ = {isa = PBXFileReference; fileEncoding = 4; lastKnownFileType = sourcecode.swift; path = RealmDaoHelper.swift; sourceTree = "<group>"; };
		BE5A52FB2045697A005BA312 /* ThumbnailDto.swift */ = {isa = PBXFileReference; lastKnownFileType = sourcecode.swift; path = ThumbnailDto.swift; sourceTree = "<group>"; };
		BE5A52FD20456A66005BA312 /* ThumbnailDao.swift */ = {isa = PBXFileReference; lastKnownFileType = sourcecode.swift; path = ThumbnailDao.swift; sourceTree = "<group>"; };
		BE5A52FF2046A7DD005BA312 /* APIClient.swift */ = {isa = PBXFileReference; fileEncoding = 4; lastKnownFileType = sourcecode.swift; path = APIClient.swift; sourceTree = "<group>"; };
		BE5A53002046A7DE005BA312 /* Router.swift */ = {isa = PBXFileReference; fileEncoding = 4; lastKnownFileType = sourcecode.swift; path = Router.swift; sourceTree = "<group>"; };
		BEA8F277204E98B700DED31E /* TimelineAPI.swift */ = {isa = PBXFileReference; lastKnownFileType = sourcecode.swift; path = TimelineAPI.swift; sourceTree = "<group>"; };
		BEA8F279204E98DD00DED31E /* TimelineResponse.swift */ = {isa = PBXFileReference; lastKnownFileType = sourcecode.swift; path = TimelineResponse.swift; sourceTree = "<group>"; };
		BEA8F27B204E9AC700DED31E /* TweetItem.swift */ = {isa = PBXFileReference; lastKnownFileType = sourcecode.swift; path = TweetItem.swift; sourceTree = "<group>"; };
		BEA8F27E2052B6E100DED31E /* TimelineTableViewProvider.swift */ = {isa = PBXFileReference; lastKnownFileType = sourcecode.swift; path = TimelineTableViewProvider.swift; sourceTree = "<group>"; };
		BEA8F2802052B70200DED31E /* TimelineTableViewCell.swift */ = {isa = PBXFileReference; lastKnownFileType = sourcecode.swift; path = TimelineTableViewCell.swift; sourceTree = "<group>"; };
		E97D4A1DA41D46ED63F2BE79 /* Pods-skillUpTest_9_preTests.debug.xcconfig */ = {isa = PBXFileReference; includeInIndex = 1; lastKnownFileType = text.xcconfig; name = "Pods-skillUpTest_9_preTests.debug.xcconfig"; path = "Pods/Target Support Files/Pods-skillUpTest_9_preTests/Pods-skillUpTest_9_preTests.debug.xcconfig"; sourceTree = "<group>"; };
		FC8770146B3EB8F3C11FD3CB /* Pods_skillUpTest_9_preTests.framework */ = {isa = PBXFileReference; explicitFileType = wrapper.framework; includeInIndex = 0; path = Pods_skillUpTest_9_preTests.framework; sourceTree = BUILT_PRODUCTS_DIR; };
/* End PBXFileReference section */

/* Begin PBXFrameworksBuildPhase section */
		BE1A3FEA20453414006CAB0C /* Frameworks */ = {
			isa = PBXFrameworksBuildPhase;
			buildActionMask = 2147483647;
			files = (
				B58E356803AD16EC412BE59F /* Pods_skillUpTest_9_pre.framework in Frameworks */,
			);
			runOnlyForDeploymentPostprocessing = 0;
		};
		BE1A3FFE20453414006CAB0C /* Frameworks */ = {
			isa = PBXFrameworksBuildPhase;
			buildActionMask = 2147483647;
			files = (
				32065677691AC0FB05CEC339 /* Pods_skillUpTest_9_preTests.framework in Frameworks */,
			);
			runOnlyForDeploymentPostprocessing = 0;
		};
/* End PBXFrameworksBuildPhase section */

/* Begin PBXGroup section */
		000E865A2F89D893BB2F9E1D /* Pods */ = {
			isa = PBXGroup;
			children = (
				A543E93E45520F9977690940 /* Pods-skillUpTest_9_pre.debug.xcconfig */,
				7E943C724D8BBF0F4E274F00 /* Pods-skillUpTest_9_pre.release.xcconfig */,
				E97D4A1DA41D46ED63F2BE79 /* Pods-skillUpTest_9_preTests.debug.xcconfig */,
				1C24DE7C71A4F92C1291F3EC /* Pods-skillUpTest_9_preTests.release.xcconfig */,
			);
			name = Pods;
			sourceTree = "<group>";
		};
		BE1A3FE420453414006CAB0C = {
			isa = PBXGroup;
			children = (
				BE1A4018204537FB006CAB0C /* .swiftlint.yml */,
				BE1A3FEF20453414006CAB0C /* skillUpTest_9_pre */,
				BE1A400420453414006CAB0C /* skillUpTest_9_preTests */,
				BE1A3FEE20453414006CAB0C /* Products */,
				000E865A2F89D893BB2F9E1D /* Pods */,
				E89E2617052A572C72AFC927 /* Frameworks */,
			);
			sourceTree = "<group>";
		};
		BE1A3FEE20453414006CAB0C /* Products */ = {
			isa = PBXGroup;
			children = (
				BE1A3FED20453414006CAB0C /* skillUpTest_9_pre.app */,
				BE1A400120453414006CAB0C /* skillUpTest_9_preTests.xctest */,
			);
			name = Products;
			sourceTree = "<group>";
		};
		BE1A3FEF20453414006CAB0C /* skillUpTest_9_pre */ = {
			isa = PBXGroup;
			children = (
				BEA8F27D2052B6B200DED31E /* Views */,
				BE5A52FA20456962005BA312 /* Models */,
				BE1A401B20453855006CAB0C /* Helpers */,
				BE1A40112045343D006CAB0C /* Controllers */,
				BE1A401020453429006CAB0C /* Others */,
			);
			path = skillUpTest_9_pre;
			sourceTree = "<group>";
		};
		BE1A400420453414006CAB0C /* skillUpTest_9_preTests */ = {
			isa = PBXGroup;
			children = (
				BE1A400720453414006CAB0C /* Info.plist */,
			);
			path = skillUpTest_9_preTests;
			sourceTree = "<group>";
		};
		BE1A401020453429006CAB0C /* Others */ = {
			isa = PBXGroup;
			children = (
				BE1A3FF020453414006CAB0C /* AppDelegate.swift */,
				BE1A3FF720453414006CAB0C /* Assets.xcassets */,
				BE1A3FFC20453414006CAB0C /* Info.plist */,
			);
			path = Others;
			sourceTree = "<group>";
		};
		BE1A40112045343D006CAB0C /* Controllers */ = {
			isa = PBXGroup;
			children = (
				BE1A40132045345C006CAB0C /* Timeline */,
				BE1A40122045344B006CAB0C /* LaunchScreen */,
			);
			path = Controllers;
			sourceTree = "<group>";
		};
		BE1A40122045344B006CAB0C /* LaunchScreen */ = {
			isa = PBXGroup;
			children = (
				BE1A3FF920453414006CAB0C /* LaunchScreen.storyboard */,
			);
			path = LaunchScreen;
			sourceTree = "<group>";
		};
		BE1A40132045345C006CAB0C /* Timeline */ = {
			isa = PBXGroup;
			children = (
				BE1A401420453472006CAB0C /* Timeline.storyboard */,
				BE1A4016204534B1006CAB0C /* TimelineViewController.swift */,
			);
			path = Timeline;
			sourceTree = "<group>";
		};
		BE1A401B20453855006CAB0C /* Helpers */ = {
			isa = PBXGroup;
			children = (
				BE5A53042046A7F6005BA312 /* Alamofire */,
				BE5A53032046A7EB005BA312 /* Realm */,
			);
			path = Helpers;
			sourceTree = "<group>";
		};
		BE5A52FA20456962005BA312 /* Models */ = {
			isa = PBXGroup;
			children = (
				BEA8F276204E989F00DED31E /* Alamofire */,
				BEA8F275204E989500DED31E /* Realm */,
			);
			path = Models;
			sourceTree = "<group>";
		};
		BE5A53032046A7EB005BA312 /* Realm */ = {
			isa = PBXGroup;
			children = (
				BE5A52F820456715005BA312 /* RealmDaoHelper.swift */,
			);
			path = Realm;
			sourceTree = "<group>";
		};
		BE5A53042046A7F6005BA312 /* Alamofire */ = {
			isa = PBXGroup;
			children = (
				BE5A52FF2046A7DD005BA312 /* APIClient.swift */,
				BE5A53002046A7DE005BA312 /* Router.swift */,
			);
			path = Alamofire;
			sourceTree = "<group>";
		};
		BEA8F275204E989500DED31E /* Realm */ = {
			isa = PBXGroup;
			children = (
				BE5A52FB2045697A005BA312 /* ThumbnailDto.swift */,
				BE5A52FD20456A66005BA312 /* ThumbnailDao.swift */,
			);
			path = Realm;
			sourceTree = "<group>";
		};
		BEA8F276204E989F00DED31E /* Alamofire */ = {
			isa = PBXGroup;
			children = (
				BEA8F277204E98B700DED31E /* TimelineAPI.swift */,
				BEA8F279204E98DD00DED31E /* TimelineResponse.swift */,
				BEA8F27B204E9AC700DED31E /* TweetItem.swift */,
			);
			path = Alamofire;
			sourceTree = "<group>";
		};
		BEA8F27D2052B6B200DED31E /* Views */ = {
			isa = PBXGroup;
			children = (
				BEA8F27E2052B6E100DED31E /* TimelineTableViewProvider.swift */,
				BEA8F2802052B70200DED31E /* TimelineTableViewCell.swift */,
			);
			path = Views;
			sourceTree = "<group>";
		};
		E89E2617052A572C72AFC927 /* Frameworks */ = {
			isa = PBXGroup;
			children = (
				414351676E0D5B512C210B2B /* Pods_skillUpTest_9_pre.framework */,
				FC8770146B3EB8F3C11FD3CB /* Pods_skillUpTest_9_preTests.framework */,
			);
			name = Frameworks;
			sourceTree = "<group>";
		};
/* End PBXGroup section */

/* Begin PBXNativeTarget section */
		BE1A3FEC20453414006CAB0C /* skillUpTest_9_pre */ = {
			isa = PBXNativeTarget;
			buildConfigurationList = BE1A400A20453414006CAB0C /* Build configuration list for PBXNativeTarget "skillUpTest_9_pre" */;
			buildPhases = (
				2CEFF7265BAD045B3B328B36 /* [CP] Check Pods Manifest.lock */,
				BE1A3FE920453414006CAB0C /* Sources */,
				BE1A3FEA20453414006CAB0C /* Frameworks */,
				BE1A3FEB20453414006CAB0C /* Resources */,
				6D191C47C095023F15394912 /* [CP] Embed Pods Frameworks */,
				55B43DAFD48F6D92A523E728 /* [CP] Copy Pods Resources */,
				BE1A401A20453807006CAB0C /* ShellScript */,
			);
			buildRules = (
			);
			dependencies = (
			);
			name = skillUpTest_9_pre;
			productName = skillUpTest_9_pre;
			productReference = BE1A3FED20453414006CAB0C /* skillUpTest_9_pre.app */;
			productType = "com.apple.product-type.application";
		};
		BE1A400020453414006CAB0C /* skillUpTest_9_preTests */ = {
			isa = PBXNativeTarget;
			buildConfigurationList = BE1A400D20453414006CAB0C /* Build configuration list for PBXNativeTarget "skillUpTest_9_preTests" */;
			buildPhases = (
				F95867E802C8019215FD1DEE /* [CP] Check Pods Manifest.lock */,
				BE1A3FFD20453414006CAB0C /* Sources */,
				BE1A3FFE20453414006CAB0C /* Frameworks */,
				BE1A3FFF20453414006CAB0C /* Resources */,
				64B3592CCF6C6BD165E471DD /* [CP] Embed Pods Frameworks */,
				0CE7385731B9286F94A113C4 /* [CP] Copy Pods Resources */,
			);
			buildRules = (
			);
			dependencies = (
				BE1A400320453414006CAB0C /* PBXTargetDependency */,
			);
			name = skillUpTest_9_preTests;
			productName = skillUpTest_9_preTests;
			productReference = BE1A400120453414006CAB0C /* skillUpTest_9_preTests.xctest */;
			productType = "com.apple.product-type.bundle.unit-test";
		};
/* End PBXNativeTarget section */

/* Begin PBXProject section */
		BE1A3FE520453414006CAB0C /* Project object */ = {
			isa = PBXProject;
			attributes = {
				LastSwiftUpdateCheck = 0920;
				LastUpgradeCheck = 0920;
				ORGANIZATIONNAME = "Seidi Nakamura";
				TargetAttributes = {
					BE1A3FEC20453414006CAB0C = {
						CreatedOnToolsVersion = 9.2;
						ProvisioningStyle = Automatic;
					};
					BE1A400020453414006CAB0C = {
						CreatedOnToolsVersion = 9.2;
						ProvisioningStyle = Automatic;
						TestTargetID = BE1A3FEC20453414006CAB0C;
					};
				};
			};
			buildConfigurationList = BE1A3FE820453414006CAB0C /* Build configuration list for PBXProject "skillUpTest_9_pre" */;
			compatibilityVersion = "Xcode 8.0";
			developmentRegion = en;
			hasScannedForEncodings = 0;
			knownRegions = (
				en,
				Base,
			);
			mainGroup = BE1A3FE420453414006CAB0C;
			productRefGroup = BE1A3FEE20453414006CAB0C /* Products */;
			projectDirPath = "";
			projectRoot = "";
			targets = (
				BE1A3FEC20453414006CAB0C /* skillUpTest_9_pre */,
				BE1A400020453414006CAB0C /* skillUpTest_9_preTests */,
			);
		};
/* End PBXProject section */

/* Begin PBXResourcesBuildPhase section */
		BE1A3FEB20453414006CAB0C /* Resources */ = {
			isa = PBXResourcesBuildPhase;
			buildActionMask = 2147483647;
			files = (
				BE1A4019204537FB006CAB0C /* .swiftlint.yml in Resources */,
				BE1A3FFB20453414006CAB0C /* LaunchScreen.storyboard in Resources */,
				BE1A401520453472006CAB0C /* Timeline.storyboard in Resources */,
				BE1A3FF820453414006CAB0C /* Assets.xcassets in Resources */,
			);
			runOnlyForDeploymentPostprocessing = 0;
		};
		BE1A3FFF20453414006CAB0C /* Resources */ = {
			isa = PBXResourcesBuildPhase;
			buildActionMask = 2147483647;
			files = (
			);
			runOnlyForDeploymentPostprocessing = 0;
		};
/* End PBXResourcesBuildPhase section */

/* Begin PBXShellScriptBuildPhase section */
		0CE7385731B9286F94A113C4 /* [CP] Copy Pods Resources */ = {
			isa = PBXShellScriptBuildPhase;
			buildActionMask = 2147483647;
			files = (
			);
			inputPaths = (
				"${SRCROOT}/Pods/Target Support Files/Pods-skillUpTest_9_preTests/Pods-skillUpTest_9_preTests-resources.sh",
				"${PODS_ROOT}/TwitterKit/iOS/TwitterKit.framework/TwitterKitResources.bundle",
				"${PODS_ROOT}/TwitterKit/iOS/TwitterKit.framework/TwitterShareExtensionUIResources.bundle",
			);
			name = "[CP] Copy Pods Resources";
			outputPaths = (
				"${TARGET_BUILD_DIR}/${UNLOCALIZED_RESOURCES_FOLDER_PATH}",
			);
			runOnlyForDeploymentPostprocessing = 0;
			shellPath = /bin/sh;
			shellScript = "\"${SRCROOT}/Pods/Target Support Files/Pods-skillUpTest_9_preTests/Pods-skillUpTest_9_preTests-resources.sh\"\n";
			showEnvVarsInLog = 0;
		};
		2CEFF7265BAD045B3B328B36 /* [CP] Check Pods Manifest.lock */ = {
			isa = PBXShellScriptBuildPhase;
			buildActionMask = 2147483647;
			files = (
			);
			inputPaths = (
				"${PODS_PODFILE_DIR_PATH}/Podfile.lock",
				"${PODS_ROOT}/Manifest.lock",
			);
			name = "[CP] Check Pods Manifest.lock";
			outputPaths = (
				"$(DERIVED_FILE_DIR)/Pods-skillUpTest_9_pre-checkManifestLockResult.txt",
			);
			runOnlyForDeploymentPostprocessing = 0;
			shellPath = /bin/sh;
			shellScript = "diff \"${PODS_PODFILE_DIR_PATH}/Podfile.lock\" \"${PODS_ROOT}/Manifest.lock\" > /dev/null\nif [ $? != 0 ] ; then\n    # print error to STDERR\n    echo \"error: The sandbox is not in sync with the Podfile.lock. Run 'pod install' or update your CocoaPods installation.\" >&2\n    exit 1\nfi\n# This output is used by Xcode 'outputs' to avoid re-running this script phase.\necho \"SUCCESS\" > \"${SCRIPT_OUTPUT_FILE_0}\"\n";
			showEnvVarsInLog = 0;
		};
		55B43DAFD48F6D92A523E728 /* [CP] Copy Pods Resources */ = {
			isa = PBXShellScriptBuildPhase;
			buildActionMask = 2147483647;
			files = (
			);
			inputPaths = (
				"${SRCROOT}/Pods/Target Support Files/Pods-skillUpTest_9_pre/Pods-skillUpTest_9_pre-resources.sh",
				"${PODS_ROOT}/TwitterKit/iOS/TwitterKit.framework/TwitterKitResources.bundle",
				"${PODS_ROOT}/TwitterKit/iOS/TwitterKit.framework/TwitterShareExtensionUIResources.bundle",
			);
			name = "[CP] Copy Pods Resources";
			outputPaths = (
				"${TARGET_BUILD_DIR}/${UNLOCALIZED_RESOURCES_FOLDER_PATH}",
			);
			runOnlyForDeploymentPostprocessing = 0;
			shellPath = /bin/sh;
			shellScript = "\"${SRCROOT}/Pods/Target Support Files/Pods-skillUpTest_9_pre/Pods-skillUpTest_9_pre-resources.sh\"\n";
			showEnvVarsInLog = 0;
		};
		64B3592CCF6C6BD165E471DD /* [CP] Embed Pods Frameworks */ = {
			isa = PBXShellScriptBuildPhase;
			buildActionMask = 2147483647;
			files = (
			);
			inputPaths = (
				"${SRCROOT}/Pods/Target Support Files/Pods-skillUpTest_9_preTests/Pods-skillUpTest_9_preTests-frameworks.sh",
				"${BUILT_PRODUCTS_DIR}/Alamofire/Alamofire.framework",
				"${BUILT_PRODUCTS_DIR}/Realm/Realm.framework",
				"${BUILT_PRODUCTS_DIR}/RealmSwift/RealmSwift.framework",
				"${BUILT_PRODUCTS_DIR}/SwiftyJSON/SwiftyJSON.framework",
				"${PODS_ROOT}/TwitterCore/iOS/TwitterCore.framework",
				"${PODS_ROOT}/TwitterKit/iOS/TwitterKit.framework",
			);
			name = "[CP] Embed Pods Frameworks";
			outputPaths = (
				"${TARGET_BUILD_DIR}/${FRAMEWORKS_FOLDER_PATH}/Alamofire.framework",
				"${TARGET_BUILD_DIR}/${FRAMEWORKS_FOLDER_PATH}/Realm.framework",
				"${TARGET_BUILD_DIR}/${FRAMEWORKS_FOLDER_PATH}/RealmSwift.framework",
				"${TARGET_BUILD_DIR}/${FRAMEWORKS_FOLDER_PATH}/SwiftyJSON.framework",
				"${TARGET_BUILD_DIR}/${FRAMEWORKS_FOLDER_PATH}/TwitterCore.framework",
				"${TARGET_BUILD_DIR}/${FRAMEWORKS_FOLDER_PATH}/TwitterKit.framework",
			);
			runOnlyForDeploymentPostprocessing = 0;
			shellPath = /bin/sh;
			shellScript = "\"${SRCROOT}/Pods/Target Support Files/Pods-skillUpTest_9_preTests/Pods-skillUpTest_9_preTests-frameworks.sh\"\n";
			showEnvVarsInLog = 0;
		};
		6D191C47C095023F15394912 /* [CP] Embed Pods Frameworks */ = {
			isa = PBXShellScriptBuildPhase;
			buildActionMask = 2147483647;
			files = (
			);
			inputPaths = (
				"${SRCROOT}/Pods/Target Support Files/Pods-skillUpTest_9_pre/Pods-skillUpTest_9_pre-frameworks.sh",
				"${BUILT_PRODUCTS_DIR}/Alamofire/Alamofire.framework",
				"${BUILT_PRODUCTS_DIR}/Realm/Realm.framework",
				"${BUILT_PRODUCTS_DIR}/RealmSwift/RealmSwift.framework",
				"${BUILT_PRODUCTS_DIR}/SwiftyJSON/SwiftyJSON.framework",
				"${PODS_ROOT}/TwitterCore/iOS/TwitterCore.framework",
				"${PODS_ROOT}/TwitterKit/iOS/TwitterKit.framework",
			);
			name = "[CP] Embed Pods Frameworks";
			outputPaths = (
				"${TARGET_BUILD_DIR}/${FRAMEWORKS_FOLDER_PATH}/Alamofire.framework",
				"${TARGET_BUILD_DIR}/${FRAMEWORKS_FOLDER_PATH}/Realm.framework",
				"${TARGET_BUILD_DIR}/${FRAMEWORKS_FOLDER_PATH}/RealmSwift.framework",
				"${TARGET_BUILD_DIR}/${FRAMEWORKS_FOLDER_PATH}/SwiftyJSON.framework",
				"${TARGET_BUILD_DIR}/${FRAMEWORKS_FOLDER_PATH}/TwitterCore.framework",
				"${TARGET_BUILD_DIR}/${FRAMEWORKS_FOLDER_PATH}/TwitterKit.framework",
			);
			runOnlyForDeploymentPostprocessing = 0;
			shellPath = /bin/sh;
			shellScript = "\"${SRCROOT}/Pods/Target Support Files/Pods-skillUpTest_9_pre/Pods-skillUpTest_9_pre-frameworks.sh\"\n";
			showEnvVarsInLog = 0;
		};
		BE1A401A20453807006CAB0C /* ShellScript */ = {
			isa = PBXShellScriptBuildPhase;
			buildActionMask = 2147483647;
			files = (
			);
			inputPaths = (
			);
			outputPaths = (
			);
			runOnlyForDeploymentPostprocessing = 0;
			shellPath = /bin/sh;
			shellScript = "if which swiftlint >/dev/null; then\nswiftlint\nelse\necho \"SwiftLint does not exist, download from https://github.com/realm/SwiftLint\"\nfi";
		};
		F95867E802C8019215FD1DEE /* [CP] Check Pods Manifest.lock */ = {
			isa = PBXShellScriptBuildPhase;
			buildActionMask = 2147483647;
			files = (
			);
			inputPaths = (
				"${PODS_PODFILE_DIR_PATH}/Podfile.lock",
				"${PODS_ROOT}/Manifest.lock",
			);
			name = "[CP] Check Pods Manifest.lock";
			outputPaths = (
				"$(DERIVED_FILE_DIR)/Pods-skillUpTest_9_preTests-checkManifestLockResult.txt",
			);
			runOnlyForDeploymentPostprocessing = 0;
			shellPath = /bin/sh;
			shellScript = "diff \"${PODS_PODFILE_DIR_PATH}/Podfile.lock\" \"${PODS_ROOT}/Manifest.lock\" > /dev/null\nif [ $? != 0 ] ; then\n    # print error to STDERR\n    echo \"error: The sandbox is not in sync with the Podfile.lock. Run 'pod install' or update your CocoaPods installation.\" >&2\n    exit 1\nfi\n# This output is used by Xcode 'outputs' to avoid re-running this script phase.\necho \"SUCCESS\" > \"${SCRIPT_OUTPUT_FILE_0}\"\n";
			showEnvVarsInLog = 0;
		};
/* End PBXShellScriptBuildPhase section */

/* Begin PBXSourcesBuildPhase section */
		BE1A3FE920453414006CAB0C /* Sources */ = {
			isa = PBXSourcesBuildPhase;
			buildActionMask = 2147483647;
			files = (
				BE5A52FC2045697A005BA312 /* ThumbnailDto.swift in Sources */,
				BE5A52FE20456A66005BA312 /* ThumbnailDao.swift in Sources */,
				BE1A3FF120453414006CAB0C /* AppDelegate.swift in Sources */,
				BE5A53022046A7DE005BA312 /* Router.swift in Sources */,
				BEA8F2812052B70200DED31E /* TimelineTableViewCell.swift in Sources */,
				BE1A4017204534B1006CAB0C /* TimelineViewController.swift in Sources */,
				BEA8F278204E98B700DED31E /* TimelineAPI.swift in Sources */,
				BE5A52F920456715005BA312 /* RealmDaoHelper.swift in Sources */,
				BEA8F27C204E9AC700DED31E /* TweetItem.swift in Sources */,
				BE5A53012046A7DE005BA312 /* APIClient.swift in Sources */,
				BEA8F27A204E98DD00DED31E /* TimelineResponse.swift in Sources */,
				BEA8F27F2052B6E100DED31E /* TimelineTableViewProvider.swift in Sources */,
			);
			runOnlyForDeploymentPostprocessing = 0;
		};
		BE1A3FFD20453414006CAB0C /* Sources */ = {
			isa = PBXSourcesBuildPhase;
			buildActionMask = 2147483647;
			files = (
			);
			runOnlyForDeploymentPostprocessing = 0;
		};
/* End PBXSourcesBuildPhase section */

/* Begin PBXTargetDependency section */
		BE1A400320453414006CAB0C /* PBXTargetDependency */ = {
			isa = PBXTargetDependency;
			target = BE1A3FEC20453414006CAB0C /* skillUpTest_9_pre */;
			targetProxy = BE1A400220453414006CAB0C /* PBXContainerItemProxy */;
		};
/* End PBXTargetDependency section */

/* Begin PBXVariantGroup section */
		BE1A3FF920453414006CAB0C /* LaunchScreen.storyboard */ = {
			isa = PBXVariantGroup;
			children = (
				BE1A3FFA20453414006CAB0C /* Base */,
			);
			name = LaunchScreen.storyboard;
			sourceTree = "<group>";
		};
/* End PBXVariantGroup section */

/* Begin XCBuildConfiguration section */
		BE1A400820453414006CAB0C /* Debug */ = {
			isa = XCBuildConfiguration;
			buildSettings = {
				ALWAYS_SEARCH_USER_PATHS = NO;
				CLANG_ANALYZER_NONNULL = YES;
				CLANG_ANALYZER_NUMBER_OBJECT_CONVERSION = YES_AGGRESSIVE;
				CLANG_CXX_LANGUAGE_STANDARD = "gnu++14";
				CLANG_CXX_LIBRARY = "libc++";
				CLANG_ENABLE_MODULES = YES;
				CLANG_ENABLE_OBJC_ARC = YES;
				CLANG_WARN_BLOCK_CAPTURE_AUTORELEASING = YES;
				CLANG_WARN_BOOL_CONVERSION = YES;
				CLANG_WARN_COMMA = YES;
				CLANG_WARN_CONSTANT_CONVERSION = YES;
				CLANG_WARN_DIRECT_OBJC_ISA_USAGE = YES_ERROR;
				CLANG_WARN_DOCUMENTATION_COMMENTS = YES;
				CLANG_WARN_EMPTY_BODY = YES;
				CLANG_WARN_ENUM_CONVERSION = YES;
				CLANG_WARN_INFINITE_RECURSION = YES;
				CLANG_WARN_INT_CONVERSION = YES;
				CLANG_WARN_NON_LITERAL_NULL_CONVERSION = YES;
				CLANG_WARN_OBJC_LITERAL_CONVERSION = YES;
				CLANG_WARN_OBJC_ROOT_CLASS = YES_ERROR;
				CLANG_WARN_RANGE_LOOP_ANALYSIS = YES;
				CLANG_WARN_STRICT_PROTOTYPES = YES;
				CLANG_WARN_SUSPICIOUS_MOVE = YES;
				CLANG_WARN_UNGUARDED_AVAILABILITY = YES_AGGRESSIVE;
				CLANG_WARN_UNREACHABLE_CODE = YES;
				CLANG_WARN__DUPLICATE_METHOD_MATCH = YES;
				CODE_SIGN_IDENTITY = "iPhone Developer";
				COPY_PHASE_STRIP = NO;
				DEBUG_INFORMATION_FORMAT = dwarf;
				ENABLE_STRICT_OBJC_MSGSEND = YES;
				ENABLE_TESTABILITY = YES;
				GCC_C_LANGUAGE_STANDARD = gnu11;
				GCC_DYNAMIC_NO_PIC = NO;
				GCC_NO_COMMON_BLOCKS = YES;
				GCC_OPTIMIZATION_LEVEL = 0;
				GCC_PREPROCESSOR_DEFINITIONS = (
					"DEBUG=1",
					"$(inherited)",
				);
				GCC_WARN_64_TO_32_BIT_CONVERSION = YES;
				GCC_WARN_ABOUT_RETURN_TYPE = YES_ERROR;
				GCC_WARN_UNDECLARED_SELECTOR = YES;
				GCC_WARN_UNINITIALIZED_AUTOS = YES_AGGRESSIVE;
				GCC_WARN_UNUSED_FUNCTION = YES;
				GCC_WARN_UNUSED_VARIABLE = YES;
				IPHONEOS_DEPLOYMENT_TARGET = 11.2;
				MTL_ENABLE_DEBUG_INFO = YES;
				ONLY_ACTIVE_ARCH = YES;
				SDKROOT = iphoneos;
				SWIFT_ACTIVE_COMPILATION_CONDITIONS = DEBUG;
				SWIFT_OPTIMIZATION_LEVEL = "-Onone";
			};
			name = Debug;
		};
		BE1A400920453414006CAB0C /* Release */ = {
			isa = XCBuildConfiguration;
			buildSettings = {
				ALWAYS_SEARCH_USER_PATHS = NO;
				CLANG_ANALYZER_NONNULL = YES;
				CLANG_ANALYZER_NUMBER_OBJECT_CONVERSION = YES_AGGRESSIVE;
				CLANG_CXX_LANGUAGE_STANDARD = "gnu++14";
				CLANG_CXX_LIBRARY = "libc++";
				CLANG_ENABLE_MODULES = YES;
				CLANG_ENABLE_OBJC_ARC = YES;
				CLANG_WARN_BLOCK_CAPTURE_AUTORELEASING = YES;
				CLANG_WARN_BOOL_CONVERSION = YES;
				CLANG_WARN_COMMA = YES;
				CLANG_WARN_CONSTANT_CONVERSION = YES;
				CLANG_WARN_DIRECT_OBJC_ISA_USAGE = YES_ERROR;
				CLANG_WARN_DOCUMENTATION_COMMENTS = YES;
				CLANG_WARN_EMPTY_BODY = YES;
				CLANG_WARN_ENUM_CONVERSION = YES;
				CLANG_WARN_INFINITE_RECURSION = YES;
				CLANG_WARN_INT_CONVERSION = YES;
				CLANG_WARN_NON_LITERAL_NULL_CONVERSION = YES;
				CLANG_WARN_OBJC_LITERAL_CONVERSION = YES;
				CLANG_WARN_OBJC_ROOT_CLASS = YES_ERROR;
				CLANG_WARN_RANGE_LOOP_ANALYSIS = YES;
				CLANG_WARN_STRICT_PROTOTYPES = YES;
				CLANG_WARN_SUSPICIOUS_MOVE = YES;
				CLANG_WARN_UNGUARDED_AVAILABILITY = YES_AGGRESSIVE;
				CLANG_WARN_UNREACHABLE_CODE = YES;
				CLANG_WARN__DUPLICATE_METHOD_MATCH = YES;
				CODE_SIGN_IDENTITY = "iPhone Developer";
				COPY_PHASE_STRIP = NO;
				DEBUG_INFORMATION_FORMAT = "dwarf-with-dsym";
				ENABLE_NS_ASSERTIONS = NO;
				ENABLE_STRICT_OBJC_MSGSEND = YES;
				GCC_C_LANGUAGE_STANDARD = gnu11;
				GCC_NO_COMMON_BLOCKS = YES;
				GCC_WARN_64_TO_32_BIT_CONVERSION = YES;
				GCC_WARN_ABOUT_RETURN_TYPE = YES_ERROR;
				GCC_WARN_UNDECLARED_SELECTOR = YES;
				GCC_WARN_UNINITIALIZED_AUTOS = YES_AGGRESSIVE;
				GCC_WARN_UNUSED_FUNCTION = YES;
				GCC_WARN_UNUSED_VARIABLE = YES;
				IPHONEOS_DEPLOYMENT_TARGET = 11.2;
				MTL_ENABLE_DEBUG_INFO = NO;
				SDKROOT = iphoneos;
				SWIFT_OPTIMIZATION_LEVEL = "-Owholemodule";
				VALIDATE_PRODUCT = YES;
			};
			name = Release;
		};
		BE1A400B20453414006CAB0C /* Debug */ = {
			isa = XCBuildConfiguration;
			baseConfigurationReference = A543E93E45520F9977690940 /* Pods-skillUpTest_9_pre.debug.xcconfig */;
			buildSettings = {
				ASSETCATALOG_COMPILER_APPICON_NAME = AppIcon;
				CODE_SIGN_STYLE = Automatic;
				DEVELOPMENT_TEAM = 68BKV3FXAV;
				INFOPLIST_FILE = "$(SRCROOT)/skillUpTest_9_pre/Others/Info.plist";
				LD_RUNPATH_SEARCH_PATHS = "$(inherited) @executable_path/Frameworks";
				PRODUCT_BUNDLE_IDENTIFIER = "jp.ac.neec.skillUpTest-9-pre";
				PRODUCT_NAME = "$(TARGET_NAME)";
				SWIFT_VERSION = 4.0;
				TARGETED_DEVICE_FAMILY = "1,2";
			};
			name = Debug;
		};
		BE1A400C20453414006CAB0C /* Release */ = {
			isa = XCBuildConfiguration;
			baseConfigurationReference = 7E943C724D8BBF0F4E274F00 /* Pods-skillUpTest_9_pre.release.xcconfig */;
			buildSettings = {
				ASSETCATALOG_COMPILER_APPICON_NAME = AppIcon;
				CODE_SIGN_STYLE = Automatic;
				DEVELOPMENT_TEAM = 68BKV3FXAV;
				INFOPLIST_FILE = "$(SRCROOT)/skillUpTest_9_pre/Others/Info.plist";
				LD_RUNPATH_SEARCH_PATHS = "$(inherited) @executable_path/Frameworks";
				PRODUCT_BUNDLE_IDENTIFIER = "jp.ac.neec.skillUpTest-9-pre";
				PRODUCT_NAME = "$(TARGET_NAME)";
				SWIFT_VERSION = 4.0;
				TARGETED_DEVICE_FAMILY = "1,2";
			};
			name = Release;
		};
		BE1A400E20453414006CAB0C /* Debug */ = {
			isa = XCBuildConfiguration;
			baseConfigurationReference = E97D4A1DA41D46ED63F2BE79 /* Pods-skillUpTest_9_preTests.debug.xcconfig */;
			buildSettings = {
				ALWAYS_EMBED_SWIFT_STANDARD_LIBRARIES = YES;
				BUNDLE_LOADER = "$(TEST_HOST)";
				CODE_SIGN_STYLE = Automatic;
				INFOPLIST_FILE = skillUpTest_9_preTests/Info.plist;
				LD_RUNPATH_SEARCH_PATHS = "$(inherited) @executable_path/Frameworks @loader_path/Frameworks";
				PRODUCT_BUNDLE_IDENTIFIER = "jp.ac.neec.skillUpTest-9-preTests";
				PRODUCT_NAME = "$(TARGET_NAME)";
				SWIFT_VERSION = 4.0;
				TARGETED_DEVICE_FAMILY = "1,2";
				TEST_HOST = "$(BUILT_PRODUCTS_DIR)/skillUpTest_9_pre.app/skillUpTest_9_pre";
			};
			name = Debug;
		};
		BE1A400F20453414006CAB0C /* Release */ = {
			isa = XCBuildConfiguration;
			baseConfigurationReference = 1C24DE7C71A4F92C1291F3EC /* Pods-skillUpTest_9_preTests.release.xcconfig */;
			buildSettings = {
				ALWAYS_EMBED_SWIFT_STANDARD_LIBRARIES = YES;
				BUNDLE_LOADER = "$(TEST_HOST)";
				CODE_SIGN_STYLE = Automatic;
				INFOPLIST_FILE = skillUpTest_9_preTests/Info.plist;
				LD_RUNPATH_SEARCH_PATHS = "$(inherited) @executable_path/Frameworks @loader_path/Frameworks";
				PRODUCT_BUNDLE_IDENTIFIER = "jp.ac.neec.skillUpTest-9-preTests";
				PRODUCT_NAME = "$(TARGET_NAME)";
				SWIFT_VERSION = 4.0;
				TARGETED_DEVICE_FAMILY = "1,2";
				TEST_HOST = "$(BUILT_PRODUCTS_DIR)/skillUpTest_9_pre.app/skillUpTest_9_pre";
			};
			name = Release;
		};
/* End XCBuildConfiguration section */

/* Begin XCConfigurationList section */
		BE1A3FE820453414006CAB0C /* Build configuration list for PBXProject "skillUpTest_9_pre" */ = {
			isa = XCConfigurationList;
			buildConfigurations = (
				BE1A400820453414006CAB0C /* Debug */,
				BE1A400920453414006CAB0C /* Release */,
			);
			defaultConfigurationIsVisible = 0;
			defaultConfigurationName = Release;
		};
		BE1A400A20453414006CAB0C /* Build configuration list for PBXNativeTarget "skillUpTest_9_pre" */ = {
			isa = XCConfigurationList;
			buildConfigurations = (
				BE1A400B20453414006CAB0C /* Debug */,
				BE1A400C20453414006CAB0C /* Release */,
			);
			defaultConfigurationIsVisible = 0;
			defaultConfigurationName = Release;
		};
		BE1A400D20453414006CAB0C /* Build configuration list for PBXNativeTarget "skillUpTest_9_preTests" */ = {
			isa = XCConfigurationList;
			buildConfigurations = (
				BE1A400E20453414006CAB0C /* Debug */,
				BE1A400F20453414006CAB0C /* Release */,
			);
			defaultConfigurationIsVisible = 0;
			defaultConfigurationName = Release;
		};
/* End XCConfigurationList section */
	};
	rootObject = BE1A3FE520453414006CAB0C /* Project object */;
}
